
Microsoft Visual Studio Solution File, Format Version 12.00
# Visual Studio 15
VisualStudioVersion = 15.0.27428.2037
MinimumVisualStudioVersion = 10.0.40219.1
Project("{FAE04EC0-301F-11D3-BF4B-00C04F79EFBC}") = "Disconnected_Urun_Kategori_Listele", "Disconnected_Urun_Kategori_Listele\Disconnected_Urun_Kategori_Listele.csproj", "{2780300C-3FB8-4CAE-8C69-0979BE5B6476}"
EndProject
Global
	GlobalSection(SolutionConfigurationPlatforms) = preSolution
		Debug|Any CPU = Debug|Any CPU
		Release|Any CPU = Release|Any CPU
	EndGlobalSection
	GlobalSection(ProjectConfigurationPlatforms) = postSolution
		{2780300C-3FB8-4CAE-8C69-0979BE5B6476}.Debug|Any CPU.ActiveCfg = Debug|Any CPU
		{2780300C-3FB8-4CAE-8C69-0979BE5B6476}.Debug|Any CPU.Build.0 = Debug|Any CPU
		{2780300C-3FB8-4CAE-8C69-0979BE5B6476}.Release|Any CPU.ActiveCfg = Release|Any CPU
		{2780300C-3FB8-4CAE-8C69-0979BE5B6476}.Release|Any CPU.Build.0 = Release|Any CPU
	EndGlobalSection
	GlobalSection(SolutionProperties) = preSolution
		HideSolutionNode = FALSE
	EndGlobalSection
	GlobalSection(ExtensibilityGlobals) = postSolution
		SolutionGuid = {BA823783-CFC0-4B06-94BC-3797A9F4814B}
	EndGlobalSection
EndGlobal
